{
  "nodes": {
    "emacs-overlay": {
      "inputs": {
        "flake-utils": "flake-utils",
        "nixpkgs": [
          "nixpkgs"
        ]
      },
      "locked": {
        "lastModified": 1663990584,
        "narHash": "sha256-bPmSXinw2znvOTnIlUxfcPoygBCiyYZmJoJ8Ion6DG4=",
        "owner": "nix-community",
        "repo": "emacs-overlay",
        "rev": "1799a8c458576ce347eed6372aceee1b5969adfb",
        "type": "github"
      },
      "original": {
        "owner": "nix-community",
        "repo": "emacs-overlay",
        "rev": "1799a8c458576ce347eed6372aceee1b5969adfb",
        "type": "github"
      }
    },
    "flake-compat": {
      "flake": false,
      "locked": {
        "lastModified": 1650374568,
        "narHash": "sha256-Z+s0J8/r907g149rllvwhb4pKi8Wam5ij0st8PwAh+E=",
        "owner": "edolstra",
        "repo": "flake-compat",
        "rev": "b4a34015c698c7793d592d66adbab377907a2be8",
        "type": "github"
      },
      "original": {
        "owner": "edolstra",
        "repo": "flake-compat",
        "type": "github"
      }
    },
    "flake-utils": {
      "locked": {
        "lastModified": 1659877975,
        "narHash": "sha256-zllb8aq3YO3h8B/U0/J1WBgAL8EX5yWf5pMj3G0NAmc=",
        "owner": "numtide",
        "repo": "flake-utils",
        "rev": "c0e246b9b83f637f4681389ecabcb2681b4f3af0",
        "type": "github"
      },
      "original": {
        "owner": "numtide",
        "repo": "flake-utils",
        "type": "github"
      }
    },
    "flake-utils_2": {
      "locked": {
        "lastModified": 1659877975,
        "narHash": "sha256-zllb8aq3YO3h8B/U0/J1WBgAL8EX5yWf5pMj3G0NAmc=",
        "owner": "numtide",
        "repo": "flake-utils",
        "rev": "c0e246b9b83f637f4681389ecabcb2681b4f3af0",
        "type": "github"
      },
      "original": {
        "owner": "numtide",
        "repo": "flake-utils",
        "type": "github"
      }
    },
    "flake-utils_3": {
      "locked": {
        "lastModified": 1659877975,
        "narHash": "sha256-zllb8aq3YO3h8B/U0/J1WBgAL8EX5yWf5pMj3G0NAmc=",
        "owner": "numtide",
        "repo": "flake-utils",
        "rev": "c0e246b9b83f637f4681389ecabcb2681b4f3af0",
        "type": "github"
      },
      "original": {
        "owner": "numtide",
        "repo": "flake-utils",
        "type": "github"
      }
    },
    "home-manager": {
      "inputs": {
        "nixpkgs": [
          "nixpkgs"
        ],
        "utils": "utils"
      },
      "locked": {
        "lastModified": 1663932797,
        "narHash": "sha256-IH8ZBW99W2k7wKLS+Sat9HiKX1TPZjFTnsPizK5crok=",
        "owner": "nix-community",
        "repo": "home-manager",
        "rev": "de3758e31a3a1bc79d569f5deb5dac39791bf9b6",
        "type": "github"
      },
      "original": {
        "owner": "nix-community",
        "repo": "home-manager",
        "type": "github"
      }
    },
    "musnix": {
      "inputs": {
        "nixpkgs": "nixpkgs"
      },
      "locked": {
        "lastModified": 1662101674,
        "narHash": "sha256-Yn4jpQ3xMn2U8E/hZiaCulFn7NkUTZ5PMMPY8ClMJD4=",
        "owner": "musnix",
        "repo": "musnix",
        "rev": "c28a81cfdc33cbe95bce3aa853da5d8e5d8f5d00",
        "type": "github"
      },
      "original": {
        "owner": "musnix",
        "repo": "musnix",
        "type": "github"
      }
    },
    "nixos-hardware": {
      "locked": {
        "lastModified": 1663229557,
        "narHash": "sha256-1uU4nsDLXKG0AHc/VCsNBAEPkTA/07juYhcEWRb1O1E=",
        "owner": "NixOS",
        "repo": "nixos-hardware",
        "rev": "a0df6cd6e199df4a78c833c273781ea92fa62cfb",
        "type": "github"
      },
      "original": {
        "owner": "NixOS",
        "ref": "master",
        "repo": "nixos-hardware",
        "type": "github"
      }
    },
    "nixos-wsl": {
      "inputs": {
        "flake-compat": "flake-compat",
        "flake-utils": "flake-utils_3",
        "nixpkgs": "nixpkgs_2"
      },
      "locked": {
        "lastModified": 1661772734,
        "narHash": "sha256-DkvAaLDg9D6O0i2MzUknaf/U078K4KWAZaJQmNC/tL8=",
        "owner": "nix-community",
        "repo": "NixOS-WSL",
        "rev": "c1b0259313f661cf74051c916cf3bb4f061ce11f",
        "type": "github"
      },
      "original": {
        "owner": "nix-community",
        "repo": "NixOS-WSL",
        "type": "github"
      }
    },
    "nixpkgs": {
      "locked": {
        "lastModified": 1623743177,
        "narHash": "sha256-57OM8Ya/yGHAHBq/h0I8Ah/HJFmk0VNpEASYxr+BgK8=",
        "owner": "NixOS",
        "repo": "nixpkgs",
        "rev": "4b7c8d538e1aed2bc30b6e7eb1cbd96063ad4132",
        "type": "github"
      },
      "original": {
        "owner": "NixOS",
        "ref": "nixpkgs-unstable",
        "repo": "nixpkgs",
        "type": "github"
      }
    },
    "nixpkgs_2": {
      "locked": {
        "lastModified": 1660318005,
        "narHash": "sha256-g9WCa9lVUmOV6dYRbEPjv/TLOR5hamjeCcKExVGS3OQ=",
        "owner": "NixOS",
        "repo": "nixpkgs",
        "rev": "5c211b47aeadcc178c5320afd4e74c7eed5c389f",
        "type": "github"
      },
      "original": {
        "id": "nixpkgs",
        "ref": "nixos-22.05",
        "type": "indirect"
      }
    },
    "nixpkgs_3": {
      "locked": {
        "lastModified": 1663904611,
        "narHash": "sha256-5FMM3P7ZfzWp9PgbFjTAIoGyoSHXVm7z2prqF/wxzss=",
        "owner": "NixOS",
        "repo": "nixpkgs",
        "rev": "2405c2e047949d1f9fd9ad42087b05b2def45df1",
        "type": "github"
      },
      "original": {
        "owner": "NixOS",
        "ref": "nixos-unstable-small",
        "repo": "nixpkgs",
        "type": "github"
      }
    },
    "nur": {
      "locked": {
        "lastModified": 1664005417,
        "narHash": "sha256-iL56/4BWcgjln7uxSBOmuxSUi1Vf5YYhSKws6ubqS7I=",
        "owner": "nix-community",
        "repo": "NUR",
        "rev": "d6f9d448d6369d01c90a4707e4475e9dc3ba74f5",
        "type": "github"
      },
      "original": {
        "owner": "nix-community",
        "repo": "NUR",
        "type": "github"
      }
    },
    "root": {
      "inputs": {
        "emacs-overlay": "emacs-overlay",
        "flake-utils": "flake-utils_2",
        "home-manager": "home-manager",
        "musnix": "musnix",
        "nixos-hardware": "nixos-hardware",
        "nixos-wsl": "nixos-wsl",
        "nixpkgs": "nixpkgs_3",
        "nur": "nur",
        "templates": "templates"
      }
    },
    "templates": {
      "locked": {
        "lastModified": 1649246137,
        "narHash": "sha256-cbAjf3JPoHlJD5Ayoj1sd1Gz1EZMHrFnZWIxbSGslmU=",
        "owner": "NixOS",
        "repo": "templates",
        "rev": "2f86534428917d96d414964c69a5cfe353500ad5",
        "type": "github"
      },
      "original": {
        "owner": "NixOS",
        "repo": "templates",
        "type": "github"
      }
    },
    "utils": {
      "locked": {
        "lastModified": 1659877975,
        "narHash": "sha256-zllb8aq3YO3h8B/U0/J1WBgAL8EX5yWf5pMj3G0NAmc=",
        "owner": "numtide",
        "repo": "flake-utils",
        "rev": "c0e246b9b83f637f4681389ecabcb2681b4f3af0",
        "type": "github"
      },
      "original": {
        "owner": "numtide",
        "repo": "flake-utils",
        "type": "github"
      }
    }
  },
  "root": "root",
  "version": 7
}
