{
  "nodes": {
    "deploy-rs": {
      "inputs": {
        "flake-compat": "flake-compat",
        "nixpkgs": [
          "nixpkgs"
        ],
        "utils": "utils"
      },
      "locked": {
        "lastModified": 1756719547,
        "narHash": "sha256-N9gBKUmjwRKPxAafXEk1EGadfk2qDZPBQp4vXWPHINQ=",
        "owner": "serokell",
        "repo": "deploy-rs",
        "rev": "125ae9e3ecf62fb2c0fd4f2d894eb971f1ecaed2",
        "type": "github"
      },
      "original": {
        "owner": "serokell",
        "repo": "deploy-rs",
        "type": "github"
      }
    },
    "disko": {
      "inputs": {
        "nixpkgs": [
          "nixpkgs"
        ]
      },
      "locked": {
        "lastModified": 1760701190,
        "narHash": "sha256-y7UhnWlER8r776JsySqsbTUh2Txf7K30smfHlqdaIQw=",
        "owner": "nix-community",
        "repo": "disko",
        "rev": "3a9450b26e69dcb6f8de6e2b07b3fc1c288d85f5",
        "type": "github"
      },
      "original": {
        "owner": "nix-community",
        "repo": "disko",
        "type": "github"
      }
    },
    "flake-compat": {
      "flake": false,
      "locked": {
        "lastModified": 1733328505,
        "narHash": "sha256-NeCCThCEP3eCl2l/+27kNNK7QrwZB1IJCrXfrbv5oqU=",
        "owner": "edolstra",
        "repo": "flake-compat",
        "rev": "ff81ac966bb2cae68946d5ed5fc4994f96d0ffec",
        "type": "github"
      },
      "original": {
        "owner": "edolstra",
        "repo": "flake-compat",
        "type": "github"
      }
    },
    "flake-compat_2": {
      "flake": false,
      "locked": {
        "lastModified": 1747046372,
        "narHash": "sha256-CIVLLkVgvHYbgI2UpXvIIBJ12HWgX+fjA8Xf8PUmqCY=",
        "owner": "edolstra",
        "repo": "flake-compat",
        "rev": "9100a0f413b0c601e0533d1d94ffd501ce2e7885",
        "type": "github"
      },
      "original": {
        "owner": "edolstra",
        "repo": "flake-compat",
        "type": "github"
      }
    },
    "flake-parts": {
      "inputs": {
        "nixpkgs-lib": "nixpkgs-lib"
      },
      "locked": {
        "lastModified": 1760948891,
        "narHash": "sha256-TmWcdiUUaWk8J4lpjzu4gCGxWY6/Ok7mOK4fIFfBuU4=",
        "owner": "hercules-ci",
        "repo": "flake-parts",
        "rev": "864599284fc7c0ba6357ed89ed5e2cd5040f0c04",
        "type": "github"
      },
      "original": {
        "owner": "hercules-ci",
        "repo": "flake-parts",
        "type": "github"
      }
    },
    "flake-utils": {
      "inputs": {
        "systems": "systems_2"
      },
      "locked": {
        "lastModified": 1731533236,
        "narHash": "sha256-l0KFg5HjrsfsO/JpG+r7fRrqm12kzFHyUHqHCVpMMbI=",
        "owner": "numtide",
        "repo": "flake-utils",
        "rev": "11707dc2f618dd54ca8739b309ec4fc024de578b",
        "type": "github"
      },
      "original": {
        "owner": "numtide",
        "repo": "flake-utils",
        "type": "github"
      }
    },
    "home-manager": {
      "inputs": {
        "nixpkgs": [
          "nixpkgs"
        ]
      },
      "locked": {
        "lastModified": 1761081701,
        "narHash": "sha256-IwpfaKg5c/WWQiy8b5QGaVPMvoEQ2J6kpwRFdpVpBNQ=",
        "owner": "nix-community",
        "repo": "home-manager",
        "rev": "9b4a2a7c4fbd75b422f00794af02d6edb4d9d315",
        "type": "github"
      },
      "original": {
        "owner": "nix-community",
        "repo": "home-manager",
        "type": "github"
      }
    },
    "nixgl": {
      "inputs": {
        "flake-utils": "flake-utils",
        "nixpkgs": [
          "nixpkgs"
        ]
      },
      "locked": {
        "lastModified": 1752054764,
        "narHash": "sha256-Ob/HuUhANoDs+nvYqyTKrkcPXf4ZgXoqMTQoCK0RFgQ=",
        "owner": "nix-community",
        "repo": "nixGL",
        "rev": "a8e1ce7d49a149ed70df676785b07f63288f53c5",
        "type": "github"
      },
      "original": {
        "owner": "nix-community",
        "repo": "nixGL",
        "type": "github"
      }
    },
    "nixos-hardware": {
      "locked": {
        "lastModified": 1760958188,
        "narHash": "sha256-2m1S4jl+GEDtlt2QqeHil8Ny456dcGSKJAM7q3j/BFU=",
        "owner": "NixOS",
        "repo": "nixos-hardware",
        "rev": "d6645c340ef7d821602fd2cd199e8d1eed10afbc",
        "type": "github"
      },
      "original": {
        "owner": "NixOS",
        "repo": "nixos-hardware",
        "type": "github"
      }
    },
    "nixos-wsl": {
      "inputs": {
        "flake-compat": "flake-compat_2",
        "nixpkgs": [
          "nixpkgs"
        ]
      },
      "locked": {
        "lastModified": 1760536587,
        "narHash": "sha256-wfWqt+igns/VazjPLkyb4Z/wpn4v+XIjUeI3xY/1ENg=",
        "owner": "nix-community",
        "repo": "NixOS-WSL",
        "rev": "f98ee1de1fa36eca63c67b600f5d617e184e82ea",
        "type": "github"
      },
      "original": {
        "owner": "nix-community",
        "repo": "NixOS-WSL",
        "type": "github"
      }
    },
    "nixpkgs": {
      "locked": {
        "lastModified": 1761168099,
        "narHash": "sha256-Q84QEpu8Oy7LxAbmNhENlvyeixPguwbHMjQyKX8aMh8=",
        "rev": "3d2db9755e7815937fb7b8f089fad9b44bc416d8",
        "type": "tarball",
        "url": "https://releases.nixos.org/nixos/unstable-small/nixos-25.11pre882545.3d2db9755e78/nixexprs.tar.xz"
      },
      "original": {
        "type": "tarball",
        "url": "https://channels.nixos.org/nixos-unstable-small/nixexprs.tar.xz"
      }
    },
    "nixpkgs-lib": {
      "locked": {
        "lastModified": 1754788789,
        "narHash": "sha256-x2rJ+Ovzq0sCMpgfgGaaqgBSwY+LST+WbZ6TytnT9Rk=",
        "owner": "nix-community",
        "repo": "nixpkgs.lib",
        "rev": "a73b9c743612e4244d865a2fdee11865283c04e6",
        "type": "github"
      },
      "original": {
        "owner": "nix-community",
        "repo": "nixpkgs.lib",
        "type": "github"
      }
    },
    "nixpkgs_2": {
      "locked": {
        "lastModified": 1760596604,
        "narHash": "sha256-J/i5K6AAz/y5dBePHQOuzC7MbhyTOKsd/GLezSbEFiM=",
        "owner": "NixOS",
        "repo": "nixpkgs",
        "rev": "3cbe716e2346710d6e1f7c559363d14e11c32a43",
        "type": "github"
      },
      "original": {
        "owner": "NixOS",
        "ref": "nixpkgs-unstable",
        "repo": "nixpkgs",
        "type": "github"
      }
    },
    "nixpkgs_3": {
      "locked": {
        "lastModified": 1760596604,
        "narHash": "sha256-J/i5K6AAz/y5dBePHQOuzC7MbhyTOKsd/GLezSbEFiM=",
        "owner": "nixos",
        "repo": "nixpkgs",
        "rev": "3cbe716e2346710d6e1f7c559363d14e11c32a43",
        "type": "github"
      },
      "original": {
        "owner": "nixos",
        "ref": "nixpkgs-unstable",
        "repo": "nixpkgs",
        "type": "github"
      }
    },
    "plasma-manager": {
      "inputs": {
        "home-manager": [
          "home-manager"
        ],
        "nixpkgs": [
          "nixpkgs"
        ]
      },
      "locked": {
        "lastModified": 1761078382,
        "narHash": "sha256-JNJesbe9MMN1Brq41BHEpuH+Z+Zg74y/nI5AFZX84Vw=",
        "owner": "nix-community",
        "repo": "plasma-manager",
        "rev": "27dfa61b64d0cdb8e4ba6f3aaa4d4e067d64cb5c",
        "type": "github"
      },
      "original": {
        "owner": "nix-community",
        "repo": "plasma-manager",
        "type": "github"
      }
    },
    "root": {
      "inputs": {
        "deploy-rs": "deploy-rs",
        "disko": "disko",
        "flake-parts": "flake-parts",
        "home-manager": "home-manager",
        "nixgl": "nixgl",
        "nixos-hardware": "nixos-hardware",
        "nixos-wsl": "nixos-wsl",
        "nixpkgs": "nixpkgs",
        "plasma-manager": "plasma-manager",
        "sops-nix": "sops-nix",
        "templates": "templates",
        "treefmt-nix": "treefmt-nix"
      }
    },
    "sops-nix": {
      "inputs": {
        "nixpkgs": "nixpkgs_2"
      },
      "locked": {
        "lastModified": 1760998189,
        "narHash": "sha256-ee2e1/AeGL5X8oy/HXsZQvZnae6XfEVdstGopKucYLY=",
        "owner": "Mic92",
        "repo": "sops-nix",
        "rev": "5a7d18b5c55642df5c432aadb757140edfeb70b3",
        "type": "github"
      },
      "original": {
        "owner": "Mic92",
        "repo": "sops-nix",
        "type": "github"
      }
    },
    "systems": {
      "locked": {
        "lastModified": 1681028828,
        "narHash": "sha256-Vy1rq5AaRuLzOxct8nz4T6wlgyUR7zLU309k9mBC768=",
        "owner": "nix-systems",
        "repo": "default",
        "rev": "da67096a3b9bf56a91d16901293e51ba5b49a27e",
        "type": "github"
      },
      "original": {
        "owner": "nix-systems",
        "repo": "default",
        "type": "github"
      }
    },
    "systems_2": {
      "locked": {
        "lastModified": 1681028828,
        "narHash": "sha256-Vy1rq5AaRuLzOxct8nz4T6wlgyUR7zLU309k9mBC768=",
        "owner": "nix-systems",
        "repo": "default",
        "rev": "da67096a3b9bf56a91d16901293e51ba5b49a27e",
        "type": "github"
      },
      "original": {
        "owner": "nix-systems",
        "repo": "default",
        "type": "github"
      }
    },
    "templates": {
      "locked": {
        "lastModified": 1760444628,
        "narHash": "sha256-wkIx1uPjYVOOcho0SAknX3tw2U8vswKwC/uZ3U0HAxE=",
        "owner": "NixOS",
        "repo": "templates",
        "rev": "2557dc639215476df149ae6842a1ae94d60a884c",
        "type": "github"
      },
      "original": {
        "owner": "NixOS",
        "repo": "templates",
        "type": "github"
      }
    },
    "treefmt-nix": {
      "inputs": {
        "nixpkgs": "nixpkgs_3"
      },
      "locked": {
        "lastModified": 1760945191,
        "narHash": "sha256-ZRVs8UqikBa4Ki3X4KCnMBtBW0ux1DaT35tgsnB1jM4=",
        "owner": "numtide",
        "repo": "treefmt-nix",
        "rev": "f56b1934f5f8fcab8deb5d38d42fd692632b47c2",
        "type": "github"
      },
      "original": {
        "owner": "numtide",
        "repo": "treefmt-nix",
        "type": "github"
      }
    },
    "utils": {
      "inputs": {
        "systems": "systems"
      },
      "locked": {
        "lastModified": 1731533236,
        "narHash": "sha256-l0KFg5HjrsfsO/JpG+r7fRrqm12kzFHyUHqHCVpMMbI=",
        "owner": "numtide",
        "repo": "flake-utils",
        "rev": "11707dc2f618dd54ca8739b309ec4fc024de578b",
        "type": "github"
      },
      "original": {
        "owner": "numtide",
        "repo": "flake-utils",
        "type": "github"
      }
    }
  },
  "root": "root",
  "version": 7
}
